// !$*UTF8*$!
{
	archiveVersion = 1;
	classes = {
	};
	objectVersion = 51;
	objects = {

/* Begin PBXBuildFile section */
		82195DBA21F36ACBD5D45F67 /* Pods_TrackMyChildTests.framework in Frameworks */ = {isa = PBXBuildFile; fileRef = DE5873CD292F26D029843FE0 /* Pods_TrackMyChildTests.framework */; };
		B246892B7DFBBD40D3E4C476 /* Pods_TrackMyChild_TrackMyChildUITests.framework in Frameworks */ = {isa = PBXBuildFile; fileRef = F538700E7806498FF72E7E5D /* Pods_TrackMyChild_TrackMyChildUITests.framework */; };
		F420FD37266D00570080E1A7 /* Colors.swift in Sources */ = {isa = PBXBuildFile; fileRef = F420FD36266D00570080E1A7 /* Colors.swift */; };
		F420FD39266D041E0080E1A7 /* UIViewController+Extension.swift in Sources */ = {isa = PBXBuildFile; fileRef = F420FD38266D041E0080E1A7 /* UIViewController+Extension.swift */; };
		F420FD3C266D09850080E1A7 /* UserDefaultsProtocol.swift in Sources */ = {isa = PBXBuildFile; fileRef = F420FD3B266D09850080E1A7 /* UserDefaultsProtocol.swift */; };
		F420FD3E266D099C0080E1A7 /* KeyValueStorage.swift in Sources */ = {isa = PBXBuildFile; fileRef = F420FD3D266D099C0080E1A7 /* KeyValueStorage.swift */; };
		F48B1532266D15E300B90031 /* LoginPresenterTests.swift in Sources */ = {isa = PBXBuildFile; fileRef = F48B1531266D15E300B90031 /* LoginPresenterTests.swift */; };
		F48B1535266D165A00B90031 /* StorageMock.swift in Sources */ = {isa = PBXBuildFile; fileRef = F48B1534266D165A00B90031 /* StorageMock.swift */; };
		F48B1537266D166600B90031 /* TrackMyChildAPIMock.swift in Sources */ = {isa = PBXBuildFile; fileRef = F48B1536266D166600B90031 /* TrackMyChildAPIMock.swift */; };
		F48B1539266D17FF00B90031 /* LoginCoordinatorMock.swift in Sources */ = {isa = PBXBuildFile; fileRef = F48B1538266D17FF00B90031 /* LoginCoordinatorMock.swift */; };
		F48B153B266D1A3900B90031 /* LoginViewControllerMock.swift in Sources */ = {isa = PBXBuildFile; fileRef = F48B153A266D1A3900B90031 /* LoginViewControllerMock.swift */; };
		F48B153E266D2F5800B90031 /* HomePresenterTests.swift in Sources */ = {isa = PBXBuildFile; fileRef = F48B153D266D2F5800B90031 /* HomePresenterTests.swift */; };
		F48B1540266D2FB300B90031 /* HomeCoordinatorMock.swift in Sources */ = {isa = PBXBuildFile; fileRef = F48B153F266D2FB300B90031 /* HomeCoordinatorMock.swift */; };
		F48B1542266D302100B90031 /* HomeViewControllerMock.swift in Sources */ = {isa = PBXBuildFile; fileRef = F48B1541266D302100B90031 /* HomeViewControllerMock.swift */; };
		F4CD3963266BA1AF0042D417 /* AppDelegate.swift in Sources */ = {isa = PBXBuildFile; fileRef = F4CD3962266BA1AF0042D417 /* AppDelegate.swift */; };
		F4CD396C266BA1B10042D417 /* Assets.xcassets in Resources */ = {isa = PBXBuildFile; fileRef = F4CD396B266BA1B10042D417 /* Assets.xcassets */; };
		F4CD396F266BA1B10042D417 /* LaunchScreen.storyboard in Resources */ = {isa = PBXBuildFile; fileRef = F4CD396D266BA1B10042D417 /* LaunchScreen.storyboard */; };
		F4CD397A266BA1B10042D417 /* TrackMyChildTests.swift in Sources */ = {isa = PBXBuildFile; fileRef = F4CD3979266BA1B10042D417 /* TrackMyChildTests.swift */; };
		F4CD3985266BA1B10042D417 /* TrackMyChildUITests.swift in Sources */ = {isa = PBXBuildFile; fileRef = F4CD3984266BA1B10042D417 /* TrackMyChildUITests.swift */; };
		F4CD3993266BA4010042D417 /* GoogleService-Info.plist in Resources */ = {isa = PBXBuildFile; fileRef = F4CD3992266BA4010042D417 /* GoogleService-Info.plist */; };
		F4CD399C266BAAD60042D417 /* HomeViewController.swift in Sources */ = {isa = PBXBuildFile; fileRef = F4CD399B266BAAD60042D417 /* HomeViewController.swift */; };
		F4CD399E266BAADF0042D417 /* HomePresenter.swift in Sources */ = {isa = PBXBuildFile; fileRef = F4CD399D266BAADF0042D417 /* HomePresenter.swift */; };
		F4CD39A0266BAAE70042D417 /* HomeCoordinator.swift in Sources */ = {isa = PBXBuildFile; fileRef = F4CD399F266BAAE70042D417 /* HomeCoordinator.swift */; };
		F4CD39A2266BAAF80042D417 /* Coordinator.swift in Sources */ = {isa = PBXBuildFile; fileRef = F4CD39A1266BAAF80042D417 /* Coordinator.swift */; };
		F4CD39A4266BAB010042D417 /* BaseViewController.swift in Sources */ = {isa = PBXBuildFile; fileRef = F4CD39A3266BAB010042D417 /* BaseViewController.swift */; };
		F4CD39A6266BAB800042D417 /* UIView+Extension.swift in Sources */ = {isa = PBXBuildFile; fileRef = F4CD39A5266BAB800042D417 /* UIView+Extension.swift */; };
		F4CD39A8266BB05A0042D417 /* TrackMyChildAPI.swift in Sources */ = {isa = PBXBuildFile; fileRef = F4CD39A7266BB05A0042D417 /* TrackMyChildAPI.swift */; };
		F4CD39AA266BB36D0042D417 /* Classroom.swift in Sources */ = {isa = PBXBuildFile; fileRef = F4CD39A9266BB36D0042D417 /* Classroom.swift */; };
		F4CD39AC266BB3920042D417 /* Child.swift in Sources */ = {isa = PBXBuildFile; fileRef = F4CD39AB266BB3920042D417 /* Child.swift */; };
		F4CD39AE266BB8B90042D417 /* DatabaseReferenceProtocol.swift in Sources */ = {isa = PBXBuildFile; fileRef = F4CD39AD266BB8B90042D417 /* DatabaseReferenceProtocol.swift */; };
		F4CD39B1266BBABA0042D417 /* ClassroomCell.swift in Sources */ = {isa = PBXBuildFile; fileRef = F4CD39B0266BBABA0042D417 /* ClassroomCell.swift */; };
		F4CD39B3266BBADF0042D417 /* BaseUITableViewCell.swift in Sources */ = {isa = PBXBuildFile; fileRef = F4CD39B2266BBADF0042D417 /* BaseUITableViewCell.swift */; };
		F4CD39B5266BBCCE0042D417 /* UITableView+Extension.swift in Sources */ = {isa = PBXBuildFile; fileRef = F4CD39B4266BBCCE0042D417 /* UITableView+Extension.swift */; };
		F4CD39B8266BC2490042D417 /* ImageFetcher.swift in Sources */ = {isa = PBXBuildFile; fileRef = F4CD39B7266BC2490042D417 /* ImageFetcher.swift */; };
		F4CD39BA266BC2630042D417 /* RequestError.swift in Sources */ = {isa = PBXBuildFile; fileRef = F4CD39B9266BC2630042D417 /* RequestError.swift */; };
		F4CD39BC266BC2820042D417 /* URLResponse+Extension.swift in Sources */ = {isa = PBXBuildFile; fileRef = F4CD39BB266BC2820042D417 /* URLResponse+Extension.swift */; };
		F4CD39C0266BC3100042D417 /* ClassroomCellPresenter.swift in Sources */ = {isa = PBXBuildFile; fileRef = F4CD39BF266BC3100042D417 /* ClassroomCellPresenter.swift */; };
		F4CD39C3266BC6010042D417 /* ChildrenViewController.swift in Sources */ = {isa = PBXBuildFile; fileRef = F4CD39C2266BC6010042D417 /* ChildrenViewController.swift */; };
		F4CD39C5266BC60C0042D417 /* ChildrenPresenter.swift in Sources */ = {isa = PBXBuildFile; fileRef = F4CD39C4266BC60C0042D417 /* ChildrenPresenter.swift */; };
		F4CD39C7266BC6160042D417 /* ChildrenCoordinator.swift in Sources */ = {isa = PBXBuildFile; fileRef = F4CD39C6266BC6160042D417 /* ChildrenCoordinator.swift */; };
		F4CD39CA266BC62C0042D417 /* ChildCell.swift in Sources */ = {isa = PBXBuildFile; fileRef = F4CD39C9266BC62C0042D417 /* ChildCell.swift */; };
		F4CD39CC266BECB80042D417 /* Images.swift in Sources */ = {isa = PBXBuildFile; fileRef = F4CD39CB266BECB80042D417 /* Images.swift */; };
		F4CD39CF266BF7BA0042D417 /* HighlitableButton.swift in Sources */ = {isa = PBXBuildFile; fileRef = F4CD39CE266BF7BA0042D417 /* HighlitableButton.swift */; };
		F4CD39D1266CF1330042D417 /* Teacher.swift in Sources */ = {isa = PBXBuildFile; fileRef = F4CD39D0266CF1320042D417 /* Teacher.swift */; };
		F4CD39D4266CF6AA0042D417 /* LoginViewController.swift in Sources */ = {isa = PBXBuildFile; fileRef = F4CD39D3266CF6AA0042D417 /* LoginViewController.swift */; };
		F4CD39D6266CF6BA0042D417 /* LoginPresenter.swift in Sources */ = {isa = PBXBuildFile; fileRef = F4CD39D5266CF6BA0042D417 /* LoginPresenter.swift */; };
		F4CD39D8266CF6C50042D417 /* LoginCoordinator.swift in Sources */ = {isa = PBXBuildFile; fileRef = F4CD39D7266CF6C50042D417 /* LoginCoordinator.swift */; };
		F831F386AEA0F752DB6395A6 /* Pods_TrackMyChild.framework in Frameworks */ = {isa = PBXBuildFile; fileRef = 6BF616020EB3629B5F02BED7 /* Pods_TrackMyChild.framework */; };
/* End PBXBuildFile section */

/* Begin PBXContainerItemProxy section */
		F4CD3976266BA1B10042D417 /* PBXContainerItemProxy */ = {
			isa = PBXContainerItemProxy;
			containerPortal = F4CD3957266BA1AF0042D417 /* Project object */;
			proxyType = 1;
			remoteGlobalIDString = F4CD395E266BA1AF0042D417;
			remoteInfo = TrackMyChild;
		};
		F4CD3981266BA1B10042D417 /* PBXContainerItemProxy */ = {
			isa = PBXContainerItemProxy;
			containerPortal = F4CD3957266BA1AF0042D417 /* Project object */;
			proxyType = 1;
			remoteGlobalIDString = F4CD395E266BA1AF0042D417;
			remoteInfo = TrackMyChild;
		};
/* End PBXContainerItemProxy section */

/* Begin PBXFileReference section */
		04D6F61720BDD1A439A32740 /* Pods-TrackMyChildTests.release.xcconfig */ = {isa = PBXFileReference; includeInIndex = 1; lastKnownFileType = text.xcconfig; name = "Pods-TrackMyChildTests.release.xcconfig"; path = "Target Support Files/Pods-TrackMyChildTests/Pods-TrackMyChildTests.release.xcconfig"; sourceTree = "<group>"; };
		0CD0DA42A5A973F949E851E6 /* Pods-TrackMyChild-TrackMyChildUITests.release.xcconfig */ = {isa = PBXFileReference; includeInIndex = 1; lastKnownFileType = text.xcconfig; name = "Pods-TrackMyChild-TrackMyChildUITests.release.xcconfig"; path = "Target Support Files/Pods-TrackMyChild-TrackMyChildUITests/Pods-TrackMyChild-TrackMyChildUITests.release.xcconfig"; sourceTree = "<group>"; };
		6BF616020EB3629B5F02BED7 /* Pods_TrackMyChild.framework */ = {isa = PBXFileReference; explicitFileType = wrapper.framework; includeInIndex = 0; path = Pods_TrackMyChild.framework; sourceTree = BUILT_PRODUCTS_DIR; };
		92593BCE0EFA4ACB5713A1A4 /* Pods-TrackMyChild.release.xcconfig */ = {isa = PBXFileReference; includeInIndex = 1; lastKnownFileType = text.xcconfig; name = "Pods-TrackMyChild.release.xcconfig"; path = "Target Support Files/Pods-TrackMyChild/Pods-TrackMyChild.release.xcconfig"; sourceTree = "<group>"; };
		ADF743091A075E58520C0DB5 /* Pods-TrackMyChild-TrackMyChildUITests.debug.xcconfig */ = {isa = PBXFileReference; includeInIndex = 1; lastKnownFileType = text.xcconfig; name = "Pods-TrackMyChild-TrackMyChildUITests.debug.xcconfig"; path = "Target Support Files/Pods-TrackMyChild-TrackMyChildUITests/Pods-TrackMyChild-TrackMyChildUITests.debug.xcconfig"; sourceTree = "<group>"; };
		BBD2A1C96CD8782A6D0A0CA3 /* Pods-TrackMyChildTests.debug.xcconfig */ = {isa = PBXFileReference; includeInIndex = 1; lastKnownFileType = text.xcconfig; name = "Pods-TrackMyChildTests.debug.xcconfig"; path = "Target Support Files/Pods-TrackMyChildTests/Pods-TrackMyChildTests.debug.xcconfig"; sourceTree = "<group>"; };
		DCFA131B7DDCF198CC35549B /* Pods-TrackMyChild.debug.xcconfig */ = {isa = PBXFileReference; includeInIndex = 1; lastKnownFileType = text.xcconfig; name = "Pods-TrackMyChild.debug.xcconfig"; path = "Target Support Files/Pods-TrackMyChild/Pods-TrackMyChild.debug.xcconfig"; sourceTree = "<group>"; };
		DE5873CD292F26D029843FE0 /* Pods_TrackMyChildTests.framework */ = {isa = PBXFileReference; explicitFileType = wrapper.framework; includeInIndex = 0; path = Pods_TrackMyChildTests.framework; sourceTree = BUILT_PRODUCTS_DIR; };
		F420FD36266D00570080E1A7 /* Colors.swift */ = {isa = PBXFileReference; lastKnownFileType = sourcecode.swift; path = Colors.swift; sourceTree = "<group>"; };
		F420FD38266D041E0080E1A7 /* UIViewController+Extension.swift */ = {isa = PBXFileReference; lastKnownFileType = sourcecode.swift; path = "UIViewController+Extension.swift"; sourceTree = "<group>"; };
		F420FD3B266D09850080E1A7 /* UserDefaultsProtocol.swift */ = {isa = PBXFileReference; lastKnownFileType = sourcecode.swift; path = UserDefaultsProtocol.swift; sourceTree = "<group>"; };
		F420FD3D266D099C0080E1A7 /* KeyValueStorage.swift */ = {isa = PBXFileReference; lastKnownFileType = sourcecode.swift; path = KeyValueStorage.swift; sourceTree = "<group>"; };
		F48B1531266D15E300B90031 /* LoginPresenterTests.swift */ = {isa = PBXFileReference; lastKnownFileType = sourcecode.swift; path = LoginPresenterTests.swift; sourceTree = "<group>"; };
		F48B1534266D165A00B90031 /* StorageMock.swift */ = {isa = PBXFileReference; lastKnownFileType = sourcecode.swift; path = StorageMock.swift; sourceTree = "<group>"; };
		F48B1536266D166600B90031 /* TrackMyChildAPIMock.swift */ = {isa = PBXFileReference; lastKnownFileType = sourcecode.swift; path = TrackMyChildAPIMock.swift; sourceTree = "<group>"; };
		F48B1538266D17FF00B90031 /* LoginCoordinatorMock.swift */ = {isa = PBXFileReference; lastKnownFileType = sourcecode.swift; path = LoginCoordinatorMock.swift; sourceTree = "<group>"; };
		F48B153A266D1A3900B90031 /* LoginViewControllerMock.swift */ = {isa = PBXFileReference; lastKnownFileType = sourcecode.swift; path = LoginViewControllerMock.swift; sourceTree = "<group>"; };
		F48B153D266D2F5800B90031 /* HomePresenterTests.swift */ = {isa = PBXFileReference; lastKnownFileType = sourcecode.swift; path = HomePresenterTests.swift; sourceTree = "<group>"; };
		F48B153F266D2FB300B90031 /* HomeCoordinatorMock.swift */ = {isa = PBXFileReference; lastKnownFileType = sourcecode.swift; path = HomeCoordinatorMock.swift; sourceTree = "<group>"; };
		F48B1541266D302100B90031 /* HomeViewControllerMock.swift */ = {isa = PBXFileReference; lastKnownFileType = sourcecode.swift; path = HomeViewControllerMock.swift; sourceTree = "<group>"; };
		F4CD395F266BA1AF0042D417 /* TrackMyChild.app */ = {isa = PBXFileReference; explicitFileType = wrapper.application; includeInIndex = 0; path = TrackMyChild.app; sourceTree = BUILT_PRODUCTS_DIR; };
		F4CD3962266BA1AF0042D417 /* AppDelegate.swift */ = {isa = PBXFileReference; lastKnownFileType = sourcecode.swift; path = AppDelegate.swift; sourceTree = "<group>"; };
		F4CD396B266BA1B10042D417 /* Assets.xcassets */ = {isa = PBXFileReference; lastKnownFileType = folder.assetcatalog; path = Assets.xcassets; sourceTree = "<group>"; };
		F4CD396E266BA1B10042D417 /* Base */ = {isa = PBXFileReference; lastKnownFileType = file.storyboard; name = Base; path = Base.lproj/LaunchScreen.storyboard; sourceTree = "<group>"; };
		F4CD3970266BA1B10042D417 /* Info.plist */ = {isa = PBXFileReference; lastKnownFileType = text.plist.xml; path = Info.plist; sourceTree = "<group>"; };
		F4CD3975266BA1B10042D417 /* TrackMyChildTests.xctest */ = {isa = PBXFileReference; explicitFileType = wrapper.cfbundle; includeInIndex = 0; path = TrackMyChildTests.xctest; sourceTree = BUILT_PRODUCTS_DIR; };
		F4CD3979266BA1B10042D417 /* TrackMyChildTests.swift */ = {isa = PBXFileReference; lastKnownFileType = sourcecode.swift; path = TrackMyChildTests.swift; sourceTree = "<group>"; };
		F4CD397B266BA1B10042D417 /* Info.plist */ = {isa = PBXFileReference; lastKnownFileType = text.plist.xml; path = Info.plist; sourceTree = "<group>"; };
		F4CD3980266BA1B10042D417 /* TrackMyChildUITests.xctest */ = {isa = PBXFileReference; explicitFileType = wrapper.cfbundle; includeInIndex = 0; path = TrackMyChildUITests.xctest; sourceTree = BUILT_PRODUCTS_DIR; };
		F4CD3984266BA1B10042D417 /* TrackMyChildUITests.swift */ = {isa = PBXFileReference; lastKnownFileType = sourcecode.swift; path = TrackMyChildUITests.swift; sourceTree = "<group>"; };
		F4CD3986266BA1B10042D417 /* Info.plist */ = {isa = PBXFileReference; lastKnownFileType = text.plist.xml; path = Info.plist; sourceTree = "<group>"; };
		F4CD3992266BA4010042D417 /* GoogleService-Info.plist */ = {isa = PBXFileReference; fileEncoding = 4; lastKnownFileType = text.plist.xml; path = "GoogleService-Info.plist"; sourceTree = "<group>"; };
		F4CD399B266BAAD60042D417 /* HomeViewController.swift */ = {isa = PBXFileReference; lastKnownFileType = sourcecode.swift; path = HomeViewController.swift; sourceTree = "<group>"; };
		F4CD399D266BAADF0042D417 /* HomePresenter.swift */ = {isa = PBXFileReference; lastKnownFileType = sourcecode.swift; path = HomePresenter.swift; sourceTree = "<group>"; };
		F4CD399F266BAAE70042D417 /* HomeCoordinator.swift */ = {isa = PBXFileReference; lastKnownFileType = sourcecode.swift; path = HomeCoordinator.swift; sourceTree = "<group>"; };
		F4CD39A1266BAAF80042D417 /* Coordinator.swift */ = {isa = PBXFileReference; lastKnownFileType = sourcecode.swift; path = Coordinator.swift; sourceTree = "<group>"; };
		F4CD39A3266BAB010042D417 /* BaseViewController.swift */ = {isa = PBXFileReference; lastKnownFileType = sourcecode.swift; path = BaseViewController.swift; sourceTree = "<group>"; };
		F4CD39A5266BAB800042D417 /* UIView+Extension.swift */ = {isa = PBXFileReference; lastKnownFileType = sourcecode.swift; path = "UIView+Extension.swift"; sourceTree = "<group>"; };
		F4CD39A7266BB05A0042D417 /* TrackMyChildAPI.swift */ = {isa = PBXFileReference; lastKnownFileType = sourcecode.swift; path = TrackMyChildAPI.swift; sourceTree = "<group>"; };
		F4CD39A9266BB36D0042D417 /* Classroom.swift */ = {isa = PBXFileReference; lastKnownFileType = sourcecode.swift; path = Classroom.swift; sourceTree = "<group>"; };
		F4CD39AB266BB3920042D417 /* Child.swift */ = {isa = PBXFileReference; lastKnownFileType = sourcecode.swift; path = Child.swift; sourceTree = "<group>"; };
		F4CD39AD266BB8B90042D417 /* DatabaseReferenceProtocol.swift */ = {isa = PBXFileReference; lastKnownFileType = sourcecode.swift; path = DatabaseReferenceProtocol.swift; sourceTree = "<group>"; };
		F4CD39B0266BBABA0042D417 /* ClassroomCell.swift */ = {isa = PBXFileReference; lastKnownFileType = sourcecode.swift; path = ClassroomCell.swift; sourceTree = "<group>"; };
		F4CD39B2266BBADF0042D417 /* BaseUITableViewCell.swift */ = {isa = PBXFileReference; lastKnownFileType = sourcecode.swift; path = BaseUITableViewCell.swift; sourceTree = "<group>"; };
		F4CD39B4266BBCCE0042D417 /* UITableView+Extension.swift */ = {isa = PBXFileReference; lastKnownFileType = sourcecode.swift; path = "UITableView+Extension.swift"; sourceTree = "<group>"; };
		F4CD39B7266BC2490042D417 /* ImageFetcher.swift */ = {isa = PBXFileReference; lastKnownFileType = sourcecode.swift; path = ImageFetcher.swift; sourceTree = "<group>"; };
		F4CD39B9266BC2630042D417 /* RequestError.swift */ = {isa = PBXFileReference; lastKnownFileType = sourcecode.swift; path = RequestError.swift; sourceTree = "<group>"; };
		F4CD39BB266BC2820042D417 /* URLResponse+Extension.swift */ = {isa = PBXFileReference; lastKnownFileType = sourcecode.swift; path = "URLResponse+Extension.swift"; sourceTree = "<group>"; };
		F4CD39BF266BC3100042D417 /* ClassroomCellPresenter.swift */ = {isa = PBXFileReference; lastKnownFileType = sourcecode.swift; path = ClassroomCellPresenter.swift; sourceTree = "<group>"; };
		F4CD39C2266BC6010042D417 /* ChildrenViewController.swift */ = {isa = PBXFileReference; lastKnownFileType = sourcecode.swift; path = ChildrenViewController.swift; sourceTree = "<group>"; };
		F4CD39C4266BC60C0042D417 /* ChildrenPresenter.swift */ = {isa = PBXFileReference; lastKnownFileType = sourcecode.swift; path = ChildrenPresenter.swift; sourceTree = "<group>"; };
		F4CD39C6266BC6160042D417 /* ChildrenCoordinator.swift */ = {isa = PBXFileReference; lastKnownFileType = sourcecode.swift; path = ChildrenCoordinator.swift; sourceTree = "<group>"; };
		F4CD39C9266BC62C0042D417 /* ChildCell.swift */ = {isa = PBXFileReference; lastKnownFileType = sourcecode.swift; path = ChildCell.swift; sourceTree = "<group>"; };
		F4CD39CB266BECB80042D417 /* Images.swift */ = {isa = PBXFileReference; lastKnownFileType = sourcecode.swift; path = Images.swift; sourceTree = "<group>"; };
		F4CD39CE266BF7BA0042D417 /* HighlitableButton.swift */ = {isa = PBXFileReference; lastKnownFileType = sourcecode.swift; path = HighlitableButton.swift; sourceTree = "<group>"; };
		F4CD39D0266CF1320042D417 /* Teacher.swift */ = {isa = PBXFileReference; lastKnownFileType = sourcecode.swift; path = Teacher.swift; sourceTree = "<group>"; };
		F4CD39D3266CF6AA0042D417 /* LoginViewController.swift */ = {isa = PBXFileReference; lastKnownFileType = sourcecode.swift; path = LoginViewController.swift; sourceTree = "<group>"; };
		F4CD39D5266CF6BA0042D417 /* LoginPresenter.swift */ = {isa = PBXFileReference; lastKnownFileType = sourcecode.swift; path = LoginPresenter.swift; sourceTree = "<group>"; };
		F4CD39D7266CF6C50042D417 /* LoginCoordinator.swift */ = {isa = PBXFileReference; lastKnownFileType = sourcecode.swift; path = LoginCoordinator.swift; sourceTree = "<group>"; };
		F538700E7806498FF72E7E5D /* Pods_TrackMyChild_TrackMyChildUITests.framework */ = {isa = PBXFileReference; explicitFileType = wrapper.framework; includeInIndex = 0; path = Pods_TrackMyChild_TrackMyChildUITests.framework; sourceTree = BUILT_PRODUCTS_DIR; };
/* End PBXFileReference section */

/* Begin PBXFrameworksBuildPhase section */
		F4CD395C266BA1AF0042D417 /* Frameworks */ = {
			isa = PBXFrameworksBuildPhase;
			buildActionMask = 2147483647;
			files = (
				F831F386AEA0F752DB6395A6 /* Pods_TrackMyChild.framework in Frameworks */,
			);
			runOnlyForDeploymentPostprocessing = 0;
		};
		F4CD3972266BA1B10042D417 /* Frameworks */ = {
			isa = PBXFrameworksBuildPhase;
			buildActionMask = 2147483647;
			files = (
				82195DBA21F36ACBD5D45F67 /* Pods_TrackMyChildTests.framework in Frameworks */,
			);
			runOnlyForDeploymentPostprocessing = 0;
		};
		F4CD397D266BA1B10042D417 /* Frameworks */ = {
			isa = PBXFrameworksBuildPhase;
			buildActionMask = 2147483647;
			files = (
				B246892B7DFBBD40D3E4C476 /* Pods_TrackMyChild_TrackMyChildUITests.framework in Frameworks */,
			);
			runOnlyForDeploymentPostprocessing = 0;
		};
/* End PBXFrameworksBuildPhase section */

/* Begin PBXGroup section */
		3632B072EBD85125BE1510B4 /* Frameworks */ = {
			isa = PBXGroup;
			children = (
				6BF616020EB3629B5F02BED7 /* Pods_TrackMyChild.framework */,
				F538700E7806498FF72E7E5D /* Pods_TrackMyChild_TrackMyChildUITests.framework */,
				DE5873CD292F26D029843FE0 /* Pods_TrackMyChildTests.framework */,
			);
			name = Frameworks;
			sourceTree = "<group>";
		};
		961B98C3535A12AB2931933A /* Pods */ = {
			isa = PBXGroup;
			children = (
				DCFA131B7DDCF198CC35549B /* Pods-TrackMyChild.debug.xcconfig */,
				92593BCE0EFA4ACB5713A1A4 /* Pods-TrackMyChild.release.xcconfig */,
				ADF743091A075E58520C0DB5 /* Pods-TrackMyChild-TrackMyChildUITests.debug.xcconfig */,
				0CD0DA42A5A973F949E851E6 /* Pods-TrackMyChild-TrackMyChildUITests.release.xcconfig */,
				BBD2A1C96CD8782A6D0A0CA3 /* Pods-TrackMyChildTests.debug.xcconfig */,
				04D6F61720BDD1A439A32740 /* Pods-TrackMyChildTests.release.xcconfig */,
			);
			path = Pods;
			sourceTree = "<group>";
		};
		F420FD3A266D09720080E1A7 /* Storage */ = {
			isa = PBXGroup;
			children = (
				F420FD3B266D09850080E1A7 /* UserDefaultsProtocol.swift */,
				F420FD3D266D099C0080E1A7 /* KeyValueStorage.swift */,
			);
			path = Storage;
			sourceTree = "<group>";
		};
		F48B152E266D15C800B90031 /* Login */ = {
			isa = PBXGroup;
			children = (
				F48B1533266D165100B90031 /* Mocks */,
				F48B1531266D15E300B90031 /* LoginPresenterTests.swift */,
			);
			path = Login;
			sourceTree = "<group>";
		};
		F48B152F266D15CD00B90031 /* Home */ = {
			isa = PBXGroup;
			children = (
				F48B153C266D2F4A00B90031 /* Mocks */,
				F48B153D266D2F5800B90031 /* HomePresenterTests.swift */,
			);
			path = Home;
			sourceTree = "<group>";
		};
		F48B1530266D15D300B90031 /* Children */ = {
			isa = PBXGroup;
			children = (
			);
			path = Children;
			sourceTree = "<group>";
		};
		F48B1533266D165100B90031 /* Mocks */ = {
			isa = PBXGroup;
			children = (
				F48B1538266D17FF00B90031 /* LoginCoordinatorMock.swift */,
				F48B153A266D1A3900B90031 /* LoginViewControllerMock.swift */,
			);
			path = Mocks;
			sourceTree = "<group>";
		};
		F48B153C266D2F4A00B90031 /* Mocks */ = {
			isa = PBXGroup;
			children = (
				F48B153F266D2FB300B90031 /* HomeCoordinatorMock.swift */,
				F48B1541266D302100B90031 /* HomeViewControllerMock.swift */,
			);
			path = Mocks;
			sourceTree = "<group>";
		};
		F4CD3956266BA1AF0042D417 = {
			isa = PBXGroup;
			children = (
				F4CD3961266BA1AF0042D417 /* TrackMyChild */,
				F4CD3978266BA1B10042D417 /* TrackMyChildTests */,
				F4CD3983266BA1B10042D417 /* TrackMyChildUITests */,
				F4CD3960266BA1AF0042D417 /* Products */,
				961B98C3535A12AB2931933A /* Pods */,
				3632B072EBD85125BE1510B4 /* Frameworks */,
			);
			sourceTree = "<group>";
		};
		F4CD3960266BA1AF0042D417 /* Products */ = {
			isa = PBXGroup;
			children = (
				F4CD395F266BA1AF0042D417 /* TrackMyChild.app */,
				F4CD3975266BA1B10042D417 /* TrackMyChildTests.xctest */,
				F4CD3980266BA1B10042D417 /* TrackMyChildUITests.xctest */,
			);
			name = Products;
			sourceTree = "<group>";
		};
		F4CD3961266BA1AF0042D417 /* TrackMyChild */ = {
			isa = PBXGroup;
			children = (
				F420FD3A266D09720080E1A7 /* Storage */,
				F4CD39CD266BF7AF0042D417 /* Custom */,
				F4CD3999266BAA980042D417 /* Modules */,
				F4CD3998266BAA8C0042D417 /* Models */,
				F4CD3997266BAA770042D417 /* Common */,
				F4CD3996266BAA690042D417 /* Network */,
				F4CD3995266BAA630042D417 /* Extensions */,
				F4CD3962266BA1AF0042D417 /* AppDelegate.swift */,
				F4CD396B266BA1B10042D417 /* Assets.xcassets */,
				F4CD396D266BA1B10042D417 /* LaunchScreen.storyboard */,
				F4CD3992266BA4010042D417 /* GoogleService-Info.plist */,
				F4CD3970266BA1B10042D417 /* Info.plist */,
			);
			path = TrackMyChild;
			sourceTree = "<group>";
		};
		F4CD3978266BA1B10042D417 /* TrackMyChildTests */ = {
			isa = PBXGroup;
			children = (
				F48B1536266D166600B90031 /* TrackMyChildAPIMock.swift */,
				F48B1534266D165A00B90031 /* StorageMock.swift */,
				F48B1530266D15D300B90031 /* Children */,
				F48B152F266D15CD00B90031 /* Home */,
				F48B152E266D15C800B90031 /* Login */,
				F4CD3979266BA1B10042D417 /* TrackMyChildTests.swift */,
				F4CD397B266BA1B10042D417 /* Info.plist */,
			);
			path = TrackMyChildTests;
			sourceTree = "<group>";
		};
		F4CD3983266BA1B10042D417 /* TrackMyChildUITests */ = {
			isa = PBXGroup;
			children = (
				F4CD3984266BA1B10042D417 /* TrackMyChildUITests.swift */,
				F4CD3986266BA1B10042D417 /* Info.plist */,
			);
			path = TrackMyChildUITests;
			sourceTree = "<group>";
		};
		F4CD3995266BAA630042D417 /* Extensions */ = {
			isa = PBXGroup;
			children = (
				F4CD39A5266BAB800042D417 /* UIView+Extension.swift */,
				F4CD39B4266BBCCE0042D417 /* UITableView+Extension.swift */,
				F4CD39BB266BC2820042D417 /* URLResponse+Extension.swift */,
				F420FD38266D041E0080E1A7 /* UIViewController+Extension.swift */,
			);
			path = Extensions;
			sourceTree = "<group>";
		};
		F4CD3996266BAA690042D417 /* Network */ = {
			isa = PBXGroup;
			children = (
				F4CD39B6266BC2370042D417 /* TrackMyChildAPI */,
				F4CD39B7266BC2490042D417 /* ImageFetcher.swift */,
				F4CD39B9266BC2630042D417 /* RequestError.swift */,
			);
			path = Network;
			sourceTree = "<group>";
		};
		F4CD3997266BAA770042D417 /* Common */ = {
			isa = PBXGroup;
			children = (
				F4CD39A1266BAAF80042D417 /* Coordinator.swift */,
				F4CD39A3266BAB010042D417 /* BaseViewController.swift */,
				F4CD39B2266BBADF0042D417 /* BaseUITableViewCell.swift */,
				F4CD39CB266BECB80042D417 /* Images.swift */,
				F420FD36266D00570080E1A7 /* Colors.swift */,
			);
			path = Common;
			sourceTree = "<group>";
		};
		F4CD3998266BAA8C0042D417 /* Models */ = {
			isa = PBXGroup;
			children = (
				F4CD39A9266BB36D0042D417 /* Classroom.swift */,
				F4CD39AB266BB3920042D417 /* Child.swift */,
				F4CD39D0266CF1320042D417 /* Teacher.swift */,
			);
			path = Models;
			sourceTree = "<group>";
		};
		F4CD3999266BAA980042D417 /* Modules */ = {
			isa = PBXGroup;
			children = (
				F4CD39D2266CF6970042D417 /* Login */,
				F4CD399A266BAACB0042D417 /* Home */,
				F4CD39C1266BC5E10042D417 /* Children */,
			);
			path = Modules;
			sourceTree = "<group>";
		};
		F4CD399A266BAACB0042D417 /* Home */ = {
			isa = PBXGroup;
			children = (
				F4CD39AF266BBAAD0042D417 /* Cells */,
				F4CD399B266BAAD60042D417 /* HomeViewController.swift */,
				F4CD399D266BAADF0042D417 /* HomePresenter.swift */,
				F4CD399F266BAAE70042D417 /* HomeCoordinator.swift */,
			);
			path = Home;
			sourceTree = "<group>";
		};
		F4CD39AF266BBAAD0042D417 /* Cells */ = {
			isa = PBXGroup;
			children = (
				F4CD39B0266BBABA0042D417 /* ClassroomCell.swift */,
				F4CD39BF266BC3100042D417 /* ClassroomCellPresenter.swift */,
			);
			path = Cells;
			sourceTree = "<group>";
		};
		F4CD39B6266BC2370042D417 /* TrackMyChildAPI */ = {
			isa = PBXGroup;
			children = (
				F4CD39A7266BB05A0042D417 /* TrackMyChildAPI.swift */,
				F4CD39AD266BB8B90042D417 /* DatabaseReferenceProtocol.swift */,
			);
			path = TrackMyChildAPI;
			sourceTree = "<group>";
		};
		F4CD39C1266BC5E10042D417 /* Children */ = {
			isa = PBXGroup;
			children = (
				F4CD39C8266BC6210042D417 /* Cells */,
				F4CD39C2266BC6010042D417 /* ChildrenViewController.swift */,
				F4CD39C4266BC60C0042D417 /* ChildrenPresenter.swift */,
				F4CD39C6266BC6160042D417 /* ChildrenCoordinator.swift */,
			);
			path = Children;
			sourceTree = "<group>";
		};
		F4CD39C8266BC6210042D417 /* Cells */ = {
			isa = PBXGroup;
			children = (
				F4CD39C9266BC62C0042D417 /* ChildCell.swift */,
			);
			path = Cells;
			sourceTree = "<group>";
		};
		F4CD39CD266BF7AF0042D417 /* Custom */ = {
			isa = PBXGroup;
			children = (
				F4CD39CE266BF7BA0042D417 /* HighlitableButton.swift */,
			);
			path = Custom;
			sourceTree = "<group>";
		};
		F4CD39D2266CF6970042D417 /* Login */ = {
			isa = PBXGroup;
			children = (
				F4CD39D3266CF6AA0042D417 /* LoginViewController.swift */,
				F4CD39D5266CF6BA0042D417 /* LoginPresenter.swift */,
				F4CD39D7266CF6C50042D417 /* LoginCoordinator.swift */,
			);
			path = Login;
			sourceTree = "<group>";
		};
/* End PBXGroup section */

/* Begin PBXNativeTarget section */
		F4CD395E266BA1AF0042D417 /* TrackMyChild */ = {
			isa = PBXNativeTarget;
			buildConfigurationList = F4CD3989266BA1B10042D417 /* Build configuration list for PBXNativeTarget "TrackMyChild" */;
			buildPhases = (
				84A44021825A51937E43BFE6 /* [CP] Check Pods Manifest.lock */,
				F4CD395B266BA1AF0042D417 /* Sources */,
				F4CD395C266BA1AF0042D417 /* Frameworks */,
				F4CD395D266BA1AF0042D417 /* Resources */,
				F4CD3994266BA81B0042D417 /* ShellScript */,
				1241ADF06F4C7C18349CE4E3 /* [CP] Embed Pods Frameworks */,
			);
			buildRules = (
			);
			dependencies = (
			);
			name = TrackMyChild;
			productName = TrackMyChild;
			productReference = F4CD395F266BA1AF0042D417 /* TrackMyChild.app */;
			productType = "com.apple.product-type.application";
		};
		F4CD3974266BA1B10042D417 /* TrackMyChildTests */ = {
			isa = PBXNativeTarget;
			buildConfigurationList = F4CD398C266BA1B10042D417 /* Build configuration list for PBXNativeTarget "TrackMyChildTests" */;
			buildPhases = (
				5643DC3B3BBA38B65B41B2CF /* [CP] Check Pods Manifest.lock */,
				F4CD3971266BA1B10042D417 /* Sources */,
				F4CD3972266BA1B10042D417 /* Frameworks */,
				F4CD3973266BA1B10042D417 /* Resources */,
			);
			buildRules = (
			);
			dependencies = (
				F4CD3977266BA1B10042D417 /* PBXTargetDependency */,
			);
			name = TrackMyChildTests;
			productName = TrackMyChildTests;
			productReference = F4CD3975266BA1B10042D417 /* TrackMyChildTests.xctest */;
			productType = "com.apple.product-type.bundle.unit-test";
		};
		F4CD397F266BA1B10042D417 /* TrackMyChildUITests */ = {
			isa = PBXNativeTarget;
			buildConfigurationList = F4CD398F266BA1B10042D417 /* Build configuration list for PBXNativeTarget "TrackMyChildUITests" */;
			buildPhases = (
				64972A868E39AC3A4E22BBC0 /* [CP] Check Pods Manifest.lock */,
				F4CD397C266BA1B10042D417 /* Sources */,
				F4CD397D266BA1B10042D417 /* Frameworks */,
				F4CD397E266BA1B10042D417 /* Resources */,
				AF50E784888EB20A20B220F6 /* [CP] Embed Pods Frameworks */,
			);
			buildRules = (
			);
			dependencies = (
				F4CD3982266BA1B10042D417 /* PBXTargetDependency */,
			);
			name = TrackMyChildUITests;
			productName = TrackMyChildUITests;
			productReference = F4CD3980266BA1B10042D417 /* TrackMyChildUITests.xctest */;
			productType = "com.apple.product-type.bundle.ui-testing";
		};
/* End PBXNativeTarget section */

/* Begin PBXProject section */
		F4CD3957266BA1AF0042D417 /* Project object */ = {
			isa = PBXProject;
			attributes = {
				LastSwiftUpdateCheck = 1250;
				LastUpgradeCheck = 1250;
				TargetAttributes = {
					F4CD395E266BA1AF0042D417 = {
						CreatedOnToolsVersion = 12.5;
					};
					F4CD3974266BA1B10042D417 = {
						CreatedOnToolsVersion = 12.5;
						TestTargetID = F4CD395E266BA1AF0042D417;
					};
					F4CD397F266BA1B10042D417 = {
						CreatedOnToolsVersion = 12.5;
						TestTargetID = F4CD395E266BA1AF0042D417;
					};
				};
			};
			buildConfigurationList = F4CD395A266BA1AF0042D417 /* Build configuration list for PBXProject "TrackMyChild" */;
			compatibilityVersion = "Xcode 9.3";
			developmentRegion = en;
			hasScannedForEncodings = 0;
			knownRegions = (
				en,
				Base,
			);
			mainGroup = F4CD3956266BA1AF0042D417;
			productRefGroup = F4CD3960266BA1AF0042D417 /* Products */;
			projectDirPath = "";
			projectRoot = "";
			targets = (
				F4CD395E266BA1AF0042D417 /* TrackMyChild */,
				F4CD3974266BA1B10042D417 /* TrackMyChildTests */,
				F4CD397F266BA1B10042D417 /* TrackMyChildUITests */,
			);
		};
/* End PBXProject section */

/* Begin PBXResourcesBuildPhase section */
		F4CD395D266BA1AF0042D417 /* Resources */ = {
			isa = PBXResourcesBuildPhase;
			buildActionMask = 2147483647;
			files = (
				F4CD396F266BA1B10042D417 /* LaunchScreen.storyboard in Resources */,
				F4CD3993266BA4010042D417 /* GoogleService-Info.plist in Resources */,
				F4CD396C266BA1B10042D417 /* Assets.xcassets in Resources */,
			);
			runOnlyForDeploymentPostprocessing = 0;
		};
		F4CD3973266BA1B10042D417 /* Resources */ = {
			isa = PBXResourcesBuildPhase;
			buildActionMask = 2147483647;
			files = (
			);
			runOnlyForDeploymentPostprocessing = 0;
		};
		F4CD397E266BA1B10042D417 /* Resources */ = {
			isa = PBXResourcesBuildPhase;
			buildActionMask = 2147483647;
			files = (
			);
			runOnlyForDeploymentPostprocessing = 0;
		};
/* End PBXResourcesBuildPhase section */

/* Begin PBXShellScriptBuildPhase section */
		1241ADF06F4C7C18349CE4E3 /* [CP] Embed Pods Frameworks */ = {
			isa = PBXShellScriptBuildPhase;
			buildActionMask = 2147483647;
			files = (
			);
			inputFileListPaths = (
				"${PODS_ROOT}/Target Support Files/Pods-TrackMyChild/Pods-TrackMyChild-frameworks-${CONFIGURATION}-input-files.xcfilelist",
			);
			name = "[CP] Embed Pods Frameworks";
			outputFileListPaths = (
				"${PODS_ROOT}/Target Support Files/Pods-TrackMyChild/Pods-TrackMyChild-frameworks-${CONFIGURATION}-output-files.xcfilelist",
			);
			runOnlyForDeploymentPostprocessing = 0;
			shellPath = /bin/sh;
			shellScript = "\"${PODS_ROOT}/Target Support Files/Pods-TrackMyChild/Pods-TrackMyChild-frameworks.sh\"\n";
			showEnvVarsInLog = 0;
		};
		5643DC3B3BBA38B65B41B2CF /* [CP] Check Pods Manifest.lock */ = {
			isa = PBXShellScriptBuildPhase;
			buildActionMask = 2147483647;
			files = (
			);
			inputFileListPaths = (
			);
			inputPaths = (
				"${PODS_PODFILE_DIR_PATH}/Podfile.lock",
				"${PODS_ROOT}/Manifest.lock",
			);
			name = "[CP] Check Pods Manifest.lock";
			outputFileListPaths = (
			);
			outputPaths = (
				"$(DERIVED_FILE_DIR)/Pods-TrackMyChildTests-checkManifestLockResult.txt",
			);
			runOnlyForDeploymentPostprocessing = 0;
			shellPath = /bin/sh;
			shellScript = "diff \"${PODS_PODFILE_DIR_PATH}/Podfile.lock\" \"${PODS_ROOT}/Manifest.lock\" > /dev/null\nif [ $? != 0 ] ; then\n    # print error to STDERR\n    echo \"error: The sandbox is not in sync with the Podfile.lock. Run 'pod install' or update your CocoaPods installation.\" >&2\n    exit 1\nfi\n# This output is used by Xcode 'outputs' to avoid re-running this script phase.\necho \"SUCCESS\" > \"${SCRIPT_OUTPUT_FILE_0}\"\n";
			showEnvVarsInLog = 0;
		};
		64972A868E39AC3A4E22BBC0 /* [CP] Check Pods Manifest.lock */ = {
			isa = PBXShellScriptBuildPhase;
			buildActionMask = 2147483647;
			files = (
			);
			inputFileListPaths = (
			);
			inputPaths = (
				"${PODS_PODFILE_DIR_PATH}/Podfile.lock",
				"${PODS_ROOT}/Manifest.lock",
			);
			name = "[CP] Check Pods Manifest.lock";
			outputFileListPaths = (
			);
			outputPaths = (
				"$(DERIVED_FILE_DIR)/Pods-TrackMyChild-TrackMyChildUITests-checkManifestLockResult.txt",
			);
			runOnlyForDeploymentPostprocessing = 0;
			shellPath = /bin/sh;
			shellScript = "diff \"${PODS_PODFILE_DIR_PATH}/Podfile.lock\" \"${PODS_ROOT}/Manifest.lock\" > /dev/null\nif [ $? != 0 ] ; then\n    # print error to STDERR\n    echo \"error: The sandbox is not in sync with the Podfile.lock. Run 'pod install' or update your CocoaPods installation.\" >&2\n    exit 1\nfi\n# This output is used by Xcode 'outputs' to avoid re-running this script phase.\necho \"SUCCESS\" > \"${SCRIPT_OUTPUT_FILE_0}\"\n";
			showEnvVarsInLog = 0;
		};
		84A44021825A51937E43BFE6 /* [CP] Check Pods Manifest.lock */ = {
			isa = PBXShellScriptBuildPhase;
			buildActionMask = 2147483647;
			files = (
			);
			inputFileListPaths = (
			);
			inputPaths = (
				"${PODS_PODFILE_DIR_PATH}/Podfile.lock",
				"${PODS_ROOT}/Manifest.lock",
			);
			name = "[CP] Check Pods Manifest.lock";
			outputFileListPaths = (
			);
			outputPaths = (
				"$(DERIVED_FILE_DIR)/Pods-TrackMyChild-checkManifestLockResult.txt",
			);
			runOnlyForDeploymentPostprocessing = 0;
			shellPath = /bin/sh;
			shellScript = "diff \"${PODS_PODFILE_DIR_PATH}/Podfile.lock\" \"${PODS_ROOT}/Manifest.lock\" > /dev/null\nif [ $? != 0 ] ; then\n    # print error to STDERR\n    echo \"error: The sandbox is not in sync with the Podfile.lock. Run 'pod install' or update your CocoaPods installation.\" >&2\n    exit 1\nfi\n# This output is used by Xcode 'outputs' to avoid re-running this script phase.\necho \"SUCCESS\" > \"${SCRIPT_OUTPUT_FILE_0}\"\n";
			showEnvVarsInLog = 0;
		};
		AF50E784888EB20A20B220F6 /* [CP] Embed Pods Frameworks */ = {
			isa = PBXShellScriptBuildPhase;
			buildActionMask = 2147483647;
			files = (
			);
			inputFileListPaths = (
				"${PODS_ROOT}/Target Support Files/Pods-TrackMyChild-TrackMyChildUITests/Pods-TrackMyChild-TrackMyChildUITests-frameworks-${CONFIGURATION}-input-files.xcfilelist",
			);
			name = "[CP] Embed Pods Frameworks";
			outputFileListPaths = (
				"${PODS_ROOT}/Target Support Files/Pods-TrackMyChild-TrackMyChildUITests/Pods-TrackMyChild-TrackMyChildUITests-frameworks-${CONFIGURATION}-output-files.xcfilelist",
			);
			runOnlyForDeploymentPostprocessing = 0;
			shellPath = /bin/sh;
			shellScript = "\"${PODS_ROOT}/Target Support Files/Pods-TrackMyChild-TrackMyChildUITests/Pods-TrackMyChild-TrackMyChildUITests-frameworks.sh\"\n";
			showEnvVarsInLog = 0;
		};
		F4CD3994266BA81B0042D417 /* ShellScript */ = {
			isa = PBXShellScriptBuildPhase;
			buildActionMask = 2147483647;
			files = (
			);
			inputFileListPaths = (
			);
			inputPaths = (
			);
			outputFileListPaths = (
			);
			outputPaths = (
			);
			runOnlyForDeploymentPostprocessing = 0;
			shellPath = /bin/sh;
			shellScript = "\"${PODS_ROOT}/SwiftLint/swiftlint\"\n";
		};
/* End PBXShellScriptBuildPhase section */

/* Begin PBXSourcesBuildPhase section */
		F4CD395B266BA1AF0042D417 /* Sources */ = {
			isa = PBXSourcesBuildPhase;
			buildActionMask = 2147483647;
			files = (
				F4CD39BA266BC2630042D417 /* RequestError.swift in Sources */,
				F4CD3963266BA1AF0042D417 /* AppDelegate.swift in Sources */,
				F4CD39D8266CF6C50042D417 /* LoginCoordinator.swift in Sources */,
				F4CD39A8266BB05A0042D417 /* TrackMyChildAPI.swift in Sources */,
				F4CD39A6266BAB800042D417 /* UIView+Extension.swift in Sources */,
				F4CD39C7266BC6160042D417 /* ChildrenCoordinator.swift in Sources */,
				F4CD39A2266BAAF80042D417 /* Coordinator.swift in Sources */,
				F4CD39A0266BAAE70042D417 /* HomeCoordinator.swift in Sources */,
				F420FD3C266D09850080E1A7 /* UserDefaultsProtocol.swift in Sources */,
				F4CD39B1266BBABA0042D417 /* ClassroomCell.swift in Sources */,
				F4CD39AE266BB8B90042D417 /* DatabaseReferenceProtocol.swift in Sources */,
				F420FD3E266D099C0080E1A7 /* KeyValueStorage.swift in Sources */,
				F4CD399C266BAAD60042D417 /* HomeViewController.swift in Sources */,
				F4CD39A4266BAB010042D417 /* BaseViewController.swift in Sources */,
				F4CD39C0266BC3100042D417 /* ClassroomCellPresenter.swift in Sources */,
				F4CD39D6266CF6BA0042D417 /* LoginPresenter.swift in Sources */,
				F4CD39C3266BC6010042D417 /* ChildrenViewController.swift in Sources */,
				F4CD39B8266BC2490042D417 /* ImageFetcher.swift in Sources */,
				F4CD39B5266BBCCE0042D417 /* UITableView+Extension.swift in Sources */,
				F4CD39CC266BECB80042D417 /* Images.swift in Sources */,
				F420FD39266D041E0080E1A7 /* UIViewController+Extension.swift in Sources */,
				F4CD39D1266CF1330042D417 /* Teacher.swift in Sources */,
				F4CD39BC266BC2820042D417 /* URLResponse+Extension.swift in Sources */,
				F420FD37266D00570080E1A7 /* Colors.swift in Sources */,
				F4CD39CA266BC62C0042D417 /* ChildCell.swift in Sources */,
				F4CD399E266BAADF0042D417 /* HomePresenter.swift in Sources */,
				F4CD39CF266BF7BA0042D417 /* HighlitableButton.swift in Sources */,
				F4CD39AC266BB3920042D417 /* Child.swift in Sources */,
				F4CD39AA266BB36D0042D417 /* Classroom.swift in Sources */,
				F4CD39B3266BBADF0042D417 /* BaseUITableViewCell.swift in Sources */,
				F4CD39D4266CF6AA0042D417 /* LoginViewController.swift in Sources */,
				F4CD39C5266BC60C0042D417 /* ChildrenPresenter.swift in Sources */,
			);
			runOnlyForDeploymentPostprocessing = 0;
		};
		F4CD3971266BA1B10042D417 /* Sources */ = {
			isa = PBXSourcesBuildPhase;
			buildActionMask = 2147483647;
			files = (
				F48B153B266D1A3900B90031 /* LoginViewControllerMock.swift in Sources */,
				F4CD397A266BA1B10042D417 /* TrackMyChildTests.swift in Sources */,
				F48B1542266D302100B90031 /* HomeViewControllerMock.swift in Sources */,
				F48B1532266D15E300B90031 /* LoginPresenterTests.swift in Sources */,
				F48B1540266D2FB300B90031 /* HomeCoordinatorMock.swift in Sources */,
				F48B153E266D2F5800B90031 /* HomePresenterTests.swift in Sources */,
				F48B1535266D165A00B90031 /* StorageMock.swift in Sources */,
				F48B1539266D17FF00B90031 /* LoginCoordinatorMock.swift in Sources */,
				F48B1537266D166600B90031 /* TrackMyChildAPIMock.swift in Sources */,
			);
			runOnlyForDeploymentPostprocessing = 0;
		};
		F4CD397C266BA1B10042D417 /* Sources */ = {
			isa = PBXSourcesBuildPhase;
			buildActionMask = 2147483647;
			files = (
				F4CD3985266BA1B10042D417 /* TrackMyChildUITests.swift in Sources */,
			);
			runOnlyForDeploymentPostprocessing = 0;
		};
/* End PBXSourcesBuildPhase section */

/* Begin PBXTargetDependency section */
		F4CD3977266BA1B10042D417 /* PBXTargetDependency */ = {
			isa = PBXTargetDependency;
			target = F4CD395E266BA1AF0042D417 /* TrackMyChild */;
			targetProxy = F4CD3976266BA1B10042D417 /* PBXContainerItemProxy */;
		};
		F4CD3982266BA1B10042D417 /* PBXTargetDependency */ = {
			isa = PBXTargetDependency;
			target = F4CD395E266BA1AF0042D417 /* TrackMyChild */;
			targetProxy = F4CD3981266BA1B10042D417 /* PBXContainerItemProxy */;
		};
/* End PBXTargetDependency section */

/* Begin PBXVariantGroup section */
		F4CD396D266BA1B10042D417 /* LaunchScreen.storyboard */ = {
			isa = PBXVariantGroup;
			children = (
				F4CD396E266BA1B10042D417 /* Base */,
			);
			name = LaunchScreen.storyboard;
			sourceTree = "<group>";
		};
/* End PBXVariantGroup section */

/* Begin XCBuildConfiguration section */
		F4CD3987266BA1B10042D417 /* Debug */ = {
			isa = XCBuildConfiguration;
			buildSettings = {
				ALWAYS_SEARCH_USER_PATHS = NO;
				CLANG_ANALYZER_NONNULL = YES;
				CLANG_ANALYZER_NUMBER_OBJECT_CONVERSION = YES_AGGRESSIVE;
				CLANG_CXX_LANGUAGE_STANDARD = "gnu++14";
				CLANG_CXX_LIBRARY = "libc++";
				CLANG_ENABLE_MODULES = YES;
				CLANG_ENABLE_OBJC_ARC = YES;
				CLANG_ENABLE_OBJC_WEAK = YES;
				CLANG_WARN_BLOCK_CAPTURE_AUTORELEASING = YES;
				CLANG_WARN_BOOL_CONVERSION = YES;
				CLANG_WARN_COMMA = YES;
				CLANG_WARN_CONSTANT_CONVERSION = YES;
				CLANG_WARN_DEPRECATED_OBJC_IMPLEMENTATIONS = YES;
				CLANG_WARN_DIRECT_OBJC_ISA_USAGE = YES_ERROR;
				CLANG_WARN_DOCUMENTATION_COMMENTS = YES;
				CLANG_WARN_EMPTY_BODY = YES;
				CLANG_WARN_ENUM_CONVERSION = YES;
				CLANG_WARN_INFINITE_RECURSION = YES;
				CLANG_WARN_INT_CONVERSION = YES;
				CLANG_WARN_NON_LITERAL_NULL_CONVERSION = YES;
				CLANG_WARN_OBJC_IMPLICIT_RETAIN_SELF = YES;
				CLANG_WARN_OBJC_LITERAL_CONVERSION = YES;
				CLANG_WARN_OBJC_ROOT_CLASS = YES_ERROR;
				CLANG_WARN_QUOTED_INCLUDE_IN_FRAMEWORK_HEADER = YES;
				CLANG_WARN_RANGE_LOOP_ANALYSIS = YES;
				CLANG_WARN_STRICT_PROTOTYPES = YES;
				CLANG_WARN_SUSPICIOUS_MOVE = YES;
				CLANG_WARN_UNGUARDED_AVAILABILITY = YES_AGGRESSIVE;
				CLANG_WARN_UNREACHABLE_CODE = YES;
				CLANG_WARN__DUPLICATE_METHOD_MATCH = YES;
				COPY_PHASE_STRIP = NO;
				DEBUG_INFORMATION_FORMAT = dwarf;
				ENABLE_STRICT_OBJC_MSGSEND = YES;
				ENABLE_TESTABILITY = YES;
				GCC_C_LANGUAGE_STANDARD = gnu11;
				GCC_DYNAMIC_NO_PIC = NO;
				GCC_NO_COMMON_BLOCKS = YES;
				GCC_OPTIMIZATION_LEVEL = 0;
				GCC_PREPROCESSOR_DEFINITIONS = (
					"DEBUG=1",
					"$(inherited)",
				);
				GCC_WARN_64_TO_32_BIT_CONVERSION = YES;
				GCC_WARN_ABOUT_RETURN_TYPE = YES_ERROR;
				GCC_WARN_UNDECLARED_SELECTOR = YES;
				GCC_WARN_UNINITIALIZED_AUTOS = YES_AGGRESSIVE;
				GCC_WARN_UNUSED_FUNCTION = YES;
				GCC_WARN_UNUSED_VARIABLE = YES;
				IPHONEOS_DEPLOYMENT_TARGET = 14.5;
				MTL_ENABLE_DEBUG_INFO = INCLUDE_SOURCE;
				MTL_FAST_MATH = YES;
				ONLY_ACTIVE_ARCH = YES;
				SDKROOT = iphoneos;
				SWIFT_ACTIVE_COMPILATION_CONDITIONS = DEBUG;
				SWIFT_OPTIMIZATION_LEVEL = "-Onone";
			};
			name = Debug;
		};
		F4CD3988266BA1B10042D417 /* Release */ = {
			isa = XCBuildConfiguration;
			buildSettings = {
				ALWAYS_SEARCH_USER_PATHS = NO;
				CLANG_ANALYZER_NONNULL = YES;
				CLANG_ANALYZER_NUMBER_OBJECT_CONVERSION = YES_AGGRESSIVE;
				CLANG_CXX_LANGUAGE_STANDARD = "gnu++14";
				CLANG_CXX_LIBRARY = "libc++";
				CLANG_ENABLE_MODULES = YES;
				CLANG_ENABLE_OBJC_ARC = YES;
				CLANG_ENABLE_OBJC_WEAK = YES;
				CLANG_WARN_BLOCK_CAPTURE_AUTORELEASING = YES;
				CLANG_WARN_BOOL_CONVERSION = YES;
				CLANG_WARN_COMMA = YES;
				CLANG_WARN_CONSTANT_CONVERSION = YES;
				CLANG_WARN_DEPRECATED_OBJC_IMPLEMENTATIONS = YES;
				CLANG_WARN_DIRECT_OBJC_ISA_USAGE = YES_ERROR;
				CLANG_WARN_DOCUMENTATION_COMMENTS = YES;
				CLANG_WARN_EMPTY_BODY = YES;
				CLANG_WARN_ENUM_CONVERSION = YES;
				CLANG_WARN_INFINITE_RECURSION = YES;
				CLANG_WARN_INT_CONVERSION = YES;
				CLANG_WARN_NON_LITERAL_NULL_CONVERSION = YES;
				CLANG_WARN_OBJC_IMPLICIT_RETAIN_SELF = YES;
				CLANG_WARN_OBJC_LITERAL_CONVERSION = YES;
				CLANG_WARN_OBJC_ROOT_CLASS = YES_ERROR;
				CLANG_WARN_QUOTED_INCLUDE_IN_FRAMEWORK_HEADER = YES;
				CLANG_WARN_RANGE_LOOP_ANALYSIS = YES;
				CLANG_WARN_STRICT_PROTOTYPES = YES;
				CLANG_WARN_SUSPICIOUS_MOVE = YES;
				CLANG_WARN_UNGUARDED_AVAILABILITY = YES_AGGRESSIVE;
				CLANG_WARN_UNREACHABLE_CODE = YES;
				CLANG_WARN__DUPLICATE_METHOD_MATCH = YES;
				COPY_PHASE_STRIP = NO;
				DEBUG_INFORMATION_FORMAT = "dwarf-with-dsym";
				ENABLE_NS_ASSERTIONS = NO;
				ENABLE_STRICT_OBJC_MSGSEND = YES;
				GCC_C_LANGUAGE_STANDARD = gnu11;
				GCC_NO_COMMON_BLOCKS = YES;
				GCC_WARN_64_TO_32_BIT_CONVERSION = YES;
				GCC_WARN_ABOUT_RETURN_TYPE = YES_ERROR;
				GCC_WARN_UNDECLARED_SELECTOR = YES;
				GCC_WARN_UNINITIALIZED_AUTOS = YES_AGGRESSIVE;
				GCC_WARN_UNUSED_FUNCTION = YES;
				GCC_WARN_UNUSED_VARIABLE = YES;
				IPHONEOS_DEPLOYMENT_TARGET = 14.5;
				MTL_ENABLE_DEBUG_INFO = NO;
				MTL_FAST_MATH = YES;
				SDKROOT = iphoneos;
				SWIFT_COMPILATION_MODE = wholemodule;
				SWIFT_OPTIMIZATION_LEVEL = "-O";
				VALIDATE_PRODUCT = YES;
			};
			name = Release;
		};
		F4CD398A266BA1B10042D417 /* Debug */ = {
			isa = XCBuildConfiguration;
			baseConfigurationReference = DCFA131B7DDCF198CC35549B /* Pods-TrackMyChild.debug.xcconfig */;
			buildSettings = {
				ASSETCATALOG_COMPILER_APPICON_NAME = AppIcon;
				ASSETCATALOG_COMPILER_GLOBAL_ACCENT_COLOR_NAME = AccentColor;
				CODE_SIGN_STYLE = Automatic;
				DEVELOPMENT_TEAM = LK6TB895ZH;
				INFOPLIST_FILE = TrackMyChild/Info.plist;
				IPHONEOS_DEPLOYMENT_TARGET = 12.1;
				LD_RUNPATH_SEARCH_PATHS = (
					"$(inherited)",
					"@executable_path/Frameworks",
				);
				PRODUCT_BUNDLE_IDENTIFIER = com.akinator.TrackMyChild;
				PRODUCT_NAME = "$(TARGET_NAME)";
				SWIFT_VERSION = 5.0;
				TARGETED_DEVICE_FAMILY = "1,2";
			};
			name = Debug;
		};
		F4CD398B266BA1B10042D417 /* Release */ = {
			isa = XCBuildConfiguration;
			baseConfigurationReference = 92593BCE0EFA4ACB5713A1A4 /* Pods-TrackMyChild.release.xcconfig */;
			buildSettings = {
				ASSETCATALOG_COMPILER_APPICON_NAME = AppIcon;
				ASSETCATALOG_COMPILER_GLOBAL_ACCENT_COLOR_NAME = AccentColor;
				CODE_SIGN_STYLE = Automatic;
				DEVELOPMENT_TEAM = LK6TB895ZH;
				INFOPLIST_FILE = TrackMyChild/Info.plist;
				IPHONEOS_DEPLOYMENT_TARGET = 12.1;
				LD_RUNPATH_SEARCH_PATHS = (
					"$(inherited)",
					"@executable_path/Frameworks",
				);
				PRODUCT_BUNDLE_IDENTIFIER = com.akinator.TrackMyChild;
				PRODUCT_NAME = "$(TARGET_NAME)";
				SWIFT_VERSION = 5.0;
				TARGETED_DEVICE_FAMILY = "1,2";
			};
			name = Release;
		};
		F4CD398D266BA1B10042D417 /* Debug */ = {
			isa = XCBuildConfiguration;
			baseConfigurationReference = BBD2A1C96CD8782A6D0A0CA3 /* Pods-TrackMyChildTests.debug.xcconfig */;
			buildSettings = {
				ALWAYS_EMBED_SWIFT_STANDARD_LIBRARIES = YES;
				BUNDLE_LOADER = "$(TEST_HOST)";
				CODE_SIGN_STYLE = Automatic;
				DEVELOPMENT_TEAM = LK6TB895ZH;
				INFOPLIST_FILE = TrackMyChildTests/Info.plist;
				IPHONEOS_DEPLOYMENT_TARGET = 14.5;
				LD_RUNPATH_SEARCH_PATHS = (
					"$(inherited)",
					"@executable_path/Frameworks",
					"@loader_path/Frameworks",
				);
				PRODUCT_BUNDLE_IDENTIFIER = com.akinator.TrackMyChildTests;
				PRODUCT_NAME = "$(TARGET_NAME)";
				SWIFT_VERSION = 5.0;
				TARGETED_DEVICE_FAMILY = "1,2";
				TEST_HOST = "$(BUILT_PRODUCTS_DIR)/TrackMyChild.app/TrackMyChild";
			};
			name = Debug;
		};
		F4CD398E266BA1B10042D417 /* Release */ = {
			isa = XCBuildConfiguration;
			baseConfigurationReference = 04D6F61720BDD1A439A32740 /* Pods-TrackMyChildTests.release.xcconfig */;
			buildSettings = {
				ALWAYS_EMBED_SWIFT_STANDARD_LIBRARIES = YES;
				BUNDLE_LOADER = "$(TEST_HOST)";
				CODE_SIGN_STYLE = Automatic;
				DEVELOPMENT_TEAM = LK6TB895ZH;
				INFOPLIST_FILE = TrackMyChildTests/Info.plist;
				IPHONEOS_DEPLOYMENT_TARGET = 14.5;
				LD_RUNPATH_SEARCH_PATHS = (
					"$(inherited)",
					"@executable_path/Frameworks",
					"@loader_path/Frameworks",
				);
				PRODUCT_BUNDLE_IDENTIFIER = com.akinator.TrackMyChildTests;
				PRODUCT_NAME = "$(TARGET_NAME)";
				SWIFT_VERSION = 5.0;
				TARGETED_DEVICE_FAMILY = "1,2";
				TEST_HOST = "$(BUILT_PRODUCTS_DIR)/TrackMyChild.app/TrackMyChild";
			};
			name = Release;
		};
		F4CD3990266BA1B10042D417 /* Debug */ = {
			isa = XCBuildConfiguration;
			baseConfigurationReference = ADF743091A075E58520C0DB5 /* Pods-TrackMyChild-TrackMyChildUITests.debug.xcconfig */;
			buildSettings = {
				ALWAYS_EMBED_SWIFT_STANDARD_LIBRARIES = YES;
				CODE_SIGN_STYLE = Automatic;
				DEVELOPMENT_TEAM = LK6TB895ZH;
				INFOPLIST_FILE = TrackMyChildUITests/Info.plist;
				LD_RUNPATH_SEARCH_PATHS = (
					"$(inherited)",
					"@executable_path/Frameworks",
					"@loader_path/Frameworks",
				);
				PRODUCT_BUNDLE_IDENTIFIER = com.akinator.TrackMyChildUITests;
				PRODUCT_NAME = "$(TARGET_NAME)";
				SWIFT_VERSION = 5.0;
				TARGETED_DEVICE_FAMILY = "1,2";
				TEST_TARGET_NAME = TrackMyChild;
			};
			name = Debug;
		};
		F4CD3991266BA1B10042D417 /* Release */ = {
			isa = XCBuildConfiguration;
			baseConfigurationReference = 0CD0DA42A5A973F949E851E6 /* Pods-TrackMyChild-TrackMyChildUITests.release.xcconfig */;
			buildSettings = {
				ALWAYS_EMBED_SWIFT_STANDARD_LIBRARIES = YES;
				CODE_SIGN_STYLE = Automatic;
				DEVELOPMENT_TEAM = LK6TB895ZH;
				INFOPLIST_FILE = TrackMyChildUITests/Info.plist;
				LD_RUNPATH_SEARCH_PATHS = (
					"$(inherited)",
					"@executable_path/Frameworks",
					"@loader_path/Frameworks",
				);
				PRODUCT_BUNDLE_IDENTIFIER = com.akinator.TrackMyChildUITests;
				PRODUCT_NAME = "$(TARGET_NAME)";
				SWIFT_VERSION = 5.0;
				TARGETED_DEVICE_FAMILY = "1,2";
				TEST_TARGET_NAME = TrackMyChild;
			};
			name = Release;
		};
/* End XCBuildConfiguration section */

/* Begin XCConfigurationList section */
		F4CD395A266BA1AF0042D417 /* Build configuration list for PBXProject "TrackMyChild" */ = {
			isa = XCConfigurationList;
			buildConfigurations = (
				F4CD3987266BA1B10042D417 /* Debug */,
				F4CD3988266BA1B10042D417 /* Release */,
			);
			defaultConfigurationIsVisible = 0;
			defaultConfigurationName = Release;
		};
		F4CD3989266BA1B10042D417 /* Build configuration list for PBXNativeTarget "TrackMyChild" */ = {
			isa = XCConfigurationList;
			buildConfigurations = (
				F4CD398A266BA1B10042D417 /* Debug */,
				F4CD398B266BA1B10042D417 /* Release */,
			);
			defaultConfigurationIsVisible = 0;
			defaultConfigurationName = Release;
		};
		F4CD398C266BA1B10042D417 /* Build configuration list for PBXNativeTarget "TrackMyChildTests" */ = {
			isa = XCConfigurationList;
			buildConfigurations = (
				F4CD398D266BA1B10042D417 /* Debug */,
				F4CD398E266BA1B10042D417 /* Release */,
			);
			defaultConfigurationIsVisible = 0;
			defaultConfigurationName = Release;
		};
		F4CD398F266BA1B10042D417 /* Build configuration list for PBXNativeTarget "TrackMyChildUITests" */ = {
			isa = XCConfigurationList;
			buildConfigurations = (
				F4CD3990266BA1B10042D417 /* Debug */,
				F4CD3991266BA1B10042D417 /* Release */,
			);
			defaultConfigurationIsVisible = 0;
			defaultConfigurationName = Release;
		};
/* End XCConfigurationList section */
	};
	rootObject = F4CD3957266BA1AF0042D417 /* Project object */;
}
